
Microsoft Visual Studio Solution File, Format Version 12.00
# Visual Studio Version 17
VisualStudioVersion = 17.7.34221.43
MinimumVisualStudioVersion = 10.0.40219.1
Project("{FAE04EC0-301F-11D3-BF4B-00C04F79EFBC}") = "WcfServiceSokovi", "WcfServiceSokovi\WcfServiceSokovi.csproj", "{9D8DC513-EB46-4C5E-AA1E-28524E2AD395}"
EndProject
Project("{FAE04EC0-301F-11D3-BF4B-00C04F79EFBC}") = "ConsoleSokovi", "ConsoleSokovi\ConsoleSokovi.csproj", "{01391763-EFC5-4F4D-B19C-A8490DCC0BBB}"
	ProjectSection(ProjectDependencies) = postProject
		{9D8DC513-EB46-4C5E-AA1E-28524E2AD395} = {9D8DC513-EB46-4C5E-AA1E-28524E2AD395}
	EndProjectSection
EndProject
Global
	GlobalSection(SolutionConfigurationPlatforms) = preSolution
		Debug|Any CPU = Debug|Any CPU
		Release|Any CPU = Release|Any CPU
	EndGlobalSection
	GlobalSection(ProjectConfigurationPlatforms) = postSolution
		{9D8DC513-EB46-4C5E-AA1E-28524E2AD395}.Debug|Any CPU.ActiveCfg = Debug|Any CPU
		{9D8DC513-EB46-4C5E-AA1E-28524E2AD395}.Debug|Any CPU.Build.0 = Debug|Any CPU
		{9D8DC513-EB46-4C5E-AA1E-28524E2AD395}.Release|Any CPU.ActiveCfg = Release|Any CPU
		{9D8DC513-EB46-4C5E-AA1E-28524E2AD395}.Release|Any CPU.Build.0 = Release|Any CPU
		{01391763-EFC5-4F4D-B19C-A8490DCC0BBB}.Debug|Any CPU.ActiveCfg = Debug|Any CPU
		{01391763-EFC5-4F4D-B19C-A8490DCC0BBB}.Debug|Any CPU.Build.0 = Debug|Any CPU
		{01391763-EFC5-4F4D-B19C-A8490DCC0BBB}.Release|Any CPU.ActiveCfg = Release|Any CPU
		{01391763-EFC5-4F4D-B19C-A8490DCC0BBB}.Release|Any CPU.Build.0 = Release|Any CPU
	EndGlobalSection
	GlobalSection(SolutionProperties) = preSolution
		HideSolutionNode = FALSE
	EndGlobalSection
	GlobalSection(ExtensibilityGlobals) = postSolution
		SolutionGuid = {D51F3573-70B3-4234-AC34-6D4327C44D87}
	EndGlobalSection
EndGlobal
