
Microsoft Visual Studio Solution File, Format Version 12.00
# Visual Studio Version 17
VisualStudioVersion = 17.14.36408.4 d17.14
MinimumVisualStudioVersion = 10.0.40219.1
Project("{FAE04EC0-301F-11D3-BF4B-00C04F79EFBC}") = "Server", "Server\Server.csproj", "{B0F67B59-FD3A-4E6C-9B8C-9BA0325C1948}"
EndProject
Project("{FAE04EC0-301F-11D3-BF4B-00C04F79EFBC}") = "Client", "Client\Client.csproj", "{9FD3C9AD-4D12-4ECA-832A-16F79EFD73E4}"
	ProjectSection(ProjectDependencies) = postProject
		{B0F67B59-FD3A-4E6C-9B8C-9BA0325C1948} = {B0F67B59-FD3A-4E6C-9B8C-9BA0325C1948}
	EndProjectSection
EndProject
Global
	GlobalSection(SolutionConfigurationPlatforms) = preSolution
		Debug|Any CPU = Debug|Any CPU
		Release|Any CPU = Release|Any CPU
	EndGlobalSection
	GlobalSection(ProjectConfigurationPlatforms) = postSolution
		{B0F67B59-FD3A-4E6C-9B8C-9BA0325C1948}.Debug|Any CPU.ActiveCfg = Debug|Any CPU
		{B0F67B59-FD3A-4E6C-9B8C-9BA0325C1948}.Debug|Any CPU.Build.0 = Debug|Any CPU
		{B0F67B59-FD3A-4E6C-9B8C-9BA0325C1948}.Release|Any CPU.ActiveCfg = Release|Any CPU
		{B0F67B59-FD3A-4E6C-9B8C-9BA0325C1948}.Release|Any CPU.Build.0 = Release|Any CPU
		{9FD3C9AD-4D12-4ECA-832A-16F79EFD73E4}.Debug|Any CPU.ActiveCfg = Debug|Any CPU
		{9FD3C9AD-4D12-4ECA-832A-16F79EFD73E4}.Debug|Any CPU.Build.0 = Debug|Any CPU
		{9FD3C9AD-4D12-4ECA-832A-16F79EFD73E4}.Release|Any CPU.ActiveCfg = Release|Any CPU
		{9FD3C9AD-4D12-4ECA-832A-16F79EFD73E4}.Release|Any CPU.Build.0 = Release|Any CPU
	EndGlobalSection
	GlobalSection(SolutionProperties) = preSolution
		HideSolutionNode = FALSE
	EndGlobalSection
	GlobalSection(ExtensibilityGlobals) = postSolution
		SolutionGuid = {A88423D8-DBDD-48A1-88D0-8D57F5C57DC0}
	EndGlobalSection
EndGlobal
