
Microsoft Visual Studio Solution File, Format Version 12.00
# Visual Studio Version 17
VisualStudioVersion = 17.7.34221.43
MinimumVisualStudioVersion = 10.0.40219.1
Project("{FAE04EC0-301F-11D3-BF4B-00C04F79EFBC}") = "T1Z1", "T1Z1\T1Z1.csproj", "{33944F25-4763-4E5C-B23A-9A6220283E2B}"
EndProject
Project("{FAE04EC0-301F-11D3-BF4B-00C04F79EFBC}") = "WindowsFormsApp1", "WindowsFormsApp1\WindowsFormsApp1.csproj", "{98F250C5-1B43-4271-866F-B91FA908F58B}"
	ProjectSection(ProjectDependencies) = postProject
		{33944F25-4763-4E5C-B23A-9A6220283E2B} = {33944F25-4763-4E5C-B23A-9A6220283E2B}
	EndProjectSection
EndProject
Global
	GlobalSection(SolutionConfigurationPlatforms) = preSolution
		Debug|Any CPU = Debug|Any CPU
		Release|Any CPU = Release|Any CPU
	EndGlobalSection
	GlobalSection(ProjectConfigurationPlatforms) = postSolution
		{33944F25-4763-4E5C-B23A-9A6220283E2B}.Debug|Any CPU.ActiveCfg = Debug|Any CPU
		{33944F25-4763-4E5C-B23A-9A6220283E2B}.Debug|Any CPU.Build.0 = Debug|Any CPU
		{33944F25-4763-4E5C-B23A-9A6220283E2B}.Release|Any CPU.ActiveCfg = Release|Any CPU
		{33944F25-4763-4E5C-B23A-9A6220283E2B}.Release|Any CPU.Build.0 = Release|Any CPU
		{98F250C5-1B43-4271-866F-B91FA908F58B}.Debug|Any CPU.ActiveCfg = Debug|Any CPU
		{98F250C5-1B43-4271-866F-B91FA908F58B}.Debug|Any CPU.Build.0 = Debug|Any CPU
		{98F250C5-1B43-4271-866F-B91FA908F58B}.Release|Any CPU.ActiveCfg = Release|Any CPU
		{98F250C5-1B43-4271-866F-B91FA908F58B}.Release|Any CPU.Build.0 = Release|Any CPU
	EndGlobalSection
	GlobalSection(SolutionProperties) = preSolution
		HideSolutionNode = FALSE
	EndGlobalSection
	GlobalSection(ExtensibilityGlobals) = postSolution
		SolutionGuid = {671D9D86-8562-402C-9CF4-C2BEEAF5A085}
	EndGlobalSection
EndGlobal
