
Microsoft Visual Studio Solution File, Format Version 12.00
# Visual Studio Version 17
VisualStudioVersion = 17.14.36408.4 d17.14
MinimumVisualStudioVersion = 10.0.40219.1
Project("{FAE04EC0-301F-11D3-BF4B-00C04F79EFBC}") = "Server", "Server\Server.csproj", "{0C094278-7572-4B7C-846D-4E6D2B77C3C4}"
EndProject
Project("{FAE04EC0-301F-11D3-BF4B-00C04F79EFBC}") = "Client", "Client\Client.csproj", "{2524B1FD-3CFB-483F-8F14-237197749B3B}"
	ProjectSection(ProjectDependencies) = postProject
		{0C094278-7572-4B7C-846D-4E6D2B77C3C4} = {0C094278-7572-4B7C-846D-4E6D2B77C3C4}
	EndProjectSection
EndProject
Global
	GlobalSection(SolutionConfigurationPlatforms) = preSolution
		Debug|Any CPU = Debug|Any CPU
		Release|Any CPU = Release|Any CPU
	EndGlobalSection
	GlobalSection(ProjectConfigurationPlatforms) = postSolution
		{0C094278-7572-4B7C-846D-4E6D2B77C3C4}.Debug|Any CPU.ActiveCfg = Debug|Any CPU
		{0C094278-7572-4B7C-846D-4E6D2B77C3C4}.Debug|Any CPU.Build.0 = Debug|Any CPU
		{0C094278-7572-4B7C-846D-4E6D2B77C3C4}.Release|Any CPU.ActiveCfg = Release|Any CPU
		{0C094278-7572-4B7C-846D-4E6D2B77C3C4}.Release|Any CPU.Build.0 = Release|Any CPU
		{2524B1FD-3CFB-483F-8F14-237197749B3B}.Debug|Any CPU.ActiveCfg = Debug|Any CPU
		{2524B1FD-3CFB-483F-8F14-237197749B3B}.Debug|Any CPU.Build.0 = Debug|Any CPU
		{2524B1FD-3CFB-483F-8F14-237197749B3B}.Release|Any CPU.ActiveCfg = Release|Any CPU
		{2524B1FD-3CFB-483F-8F14-237197749B3B}.Release|Any CPU.Build.0 = Release|Any CPU
	EndGlobalSection
	GlobalSection(SolutionProperties) = preSolution
		HideSolutionNode = FALSE
	EndGlobalSection
	GlobalSection(ExtensibilityGlobals) = postSolution
		SolutionGuid = {EB29C24E-0BC4-4113-9381-59696A75B936}
	EndGlobalSection
EndGlobal
