
Microsoft Visual Studio Solution File, Format Version 12.00
# Visual Studio Version 17
VisualStudioVersion = 17.7.34221.43
MinimumVisualStudioVersion = 10.0.40219.1
Project("{FAE04EC0-301F-11D3-BF4B-00C04F79EFBC}") = "DS_Jun2024", "DS_Jun2024.csproj", "{FB67AE90-2F13-4BAD-8F96-B8B255B0314F}"
EndProject
Global
	GlobalSection(SolutionConfigurationPlatforms) = preSolution
		Debug|Any CPU = Debug|Any CPU
		Release|Any CPU = Release|Any CPU
	EndGlobalSection
	GlobalSection(ProjectConfigurationPlatforms) = postSolution
		{FB67AE90-2F13-4BAD-8F96-B8B255B0314F}.Debug|Any CPU.ActiveCfg = Debug|Any CPU
		{FB67AE90-2F13-4BAD-8F96-B8B255B0314F}.Debug|Any CPU.Build.0 = Debug|Any CPU
		{FB67AE90-2F13-4BAD-8F96-B8B255B0314F}.Release|Any CPU.ActiveCfg = Release|Any CPU
		{FB67AE90-2F13-4BAD-8F96-B8B255B0314F}.Release|Any CPU.Build.0 = Release|Any CPU
	EndGlobalSection
	GlobalSection(SolutionProperties) = preSolution
		HideSolutionNode = FALSE
	EndGlobalSection
	GlobalSection(ExtensibilityGlobals) = postSolution
		SolutionGuid = {0E52ECDC-29DD-40EF-A8AA-36E776D52F53}
	EndGlobalSection
EndGlobal
