
Microsoft Visual Studio Solution File, Format Version 12.00
# Visual Studio Version 17
VisualStudioVersion = 17.14.36221.1 d17.14
MinimumVisualStudioVersion = 10.0.40219.1
Project("{FAE04EC0-301F-11D3-BF4B-00C04F79EFBC}") = "Server", "Server.csproj", "{4A38F303-BB44-4D26-A8A9-ACDB82BE6131}"
EndProject
Project("{FAE04EC0-301F-11D3-BF4B-00C04F79EFBC}") = "Client", "..\Client\Client.csproj", "{90AF9EB0-5759-4899-91B4-D9E5028CA72F}"
EndProject
Global
	GlobalSection(SolutionConfigurationPlatforms) = preSolution
		Debug|Any CPU = Debug|Any CPU
		Release|Any CPU = Release|Any CPU
	EndGlobalSection
	GlobalSection(ProjectConfigurationPlatforms) = postSolution
		{4A38F303-BB44-4D26-A8A9-ACDB82BE6131}.Debug|Any CPU.ActiveCfg = Debug|Any CPU
		{4A38F303-BB44-4D26-A8A9-ACDB82BE6131}.Debug|Any CPU.Build.0 = Debug|Any CPU
		{4A38F303-BB44-4D26-A8A9-ACDB82BE6131}.Release|Any CPU.ActiveCfg = Release|Any CPU
		{4A38F303-BB44-4D26-A8A9-ACDB82BE6131}.Release|Any CPU.Build.0 = Release|Any CPU
		{90AF9EB0-5759-4899-91B4-D9E5028CA72F}.Debug|Any CPU.ActiveCfg = Debug|Any CPU
		{90AF9EB0-5759-4899-91B4-D9E5028CA72F}.Debug|Any CPU.Build.0 = Debug|Any CPU
		{90AF9EB0-5759-4899-91B4-D9E5028CA72F}.Release|Any CPU.ActiveCfg = Release|Any CPU
		{90AF9EB0-5759-4899-91B4-D9E5028CA72F}.Release|Any CPU.Build.0 = Release|Any CPU
	EndGlobalSection
	GlobalSection(SolutionProperties) = preSolution
		HideSolutionNode = FALSE
	EndGlobalSection
	GlobalSection(ExtensibilityGlobals) = postSolution
		SolutionGuid = {E0A79CF3-E84F-4F99-B10A-51E616941A35}
	EndGlobalSection
EndGlobal
