
Microsoft Visual Studio Solution File, Format Version 12.00
# Visual Studio Version 17
VisualStudioVersion = 17.7.34221.43
MinimumVisualStudioVersion = 10.0.40219.1
Project("{FAE04EC0-301F-11D3-BF4B-00C04F79EFBC}") = "DS_Lab1", "DS_Lab1.csproj", "{F67FA255-48D2-4468-86A5-8CAF86A5B5C1}"
EndProject
Project("{FAE04EC0-301F-11D3-BF4B-00C04F79EFBC}") = "GrpcClient", "..\GrpcClient\GrpcClient.csproj", "{54D5B5B0-4BE4-4E31-9887-91C52DBC9CDF}"
EndProject
Global
	GlobalSection(SolutionConfigurationPlatforms) = preSolution
		Debug|Any CPU = Debug|Any CPU
		Release|Any CPU = Release|Any CPU
	EndGlobalSection
	GlobalSection(ProjectConfigurationPlatforms) = postSolution
		{F67FA255-48D2-4468-86A5-8CAF86A5B5C1}.Debug|Any CPU.ActiveCfg = Debug|Any CPU
		{F67FA255-48D2-4468-86A5-8CAF86A5B5C1}.Debug|Any CPU.Build.0 = Debug|Any CPU
		{F67FA255-48D2-4468-86A5-8CAF86A5B5C1}.Release|Any CPU.ActiveCfg = Release|Any CPU
		{F67FA255-48D2-4468-86A5-8CAF86A5B5C1}.Release|Any CPU.Build.0 = Release|Any CPU
		{54D5B5B0-4BE4-4E31-9887-91C52DBC9CDF}.Debug|Any CPU.ActiveCfg = Debug|Any CPU
		{54D5B5B0-4BE4-4E31-9887-91C52DBC9CDF}.Debug|Any CPU.Build.0 = Debug|Any CPU
		{54D5B5B0-4BE4-4E31-9887-91C52DBC9CDF}.Release|Any CPU.ActiveCfg = Release|Any CPU
		{54D5B5B0-4BE4-4E31-9887-91C52DBC9CDF}.Release|Any CPU.Build.0 = Release|Any CPU
	EndGlobalSection
	GlobalSection(SolutionProperties) = preSolution
		HideSolutionNode = FALSE
	EndGlobalSection
	GlobalSection(ExtensibilityGlobals) = postSolution
		SolutionGuid = {33218ED8-FD80-4F33-9F73-A29E25D13EEF}
	EndGlobalSection
EndGlobal
