
Microsoft Visual Studio Solution File, Format Version 12.00
# Visual Studio Version 17
VisualStudioVersion = 17.14.36408.4 d17.14
MinimumVisualStudioVersion = 10.0.40219.1
Project("{FAE04EC0-301F-11D3-BF4B-00C04F79EFBC}") = "Server", "Server\Server.csproj", "{7E119A82-008C-4504-A240-394C6C8DA52B}"
EndProject
Global
	GlobalSection(SolutionConfigurationPlatforms) = preSolution
		Debug|Any CPU = Debug|Any CPU
		Release|Any CPU = Release|Any CPU
	EndGlobalSection
	GlobalSection(ProjectConfigurationPlatforms) = postSolution
		{7E119A82-008C-4504-A240-394C6C8DA52B}.Debug|Any CPU.ActiveCfg = Debug|Any CPU
		{7E119A82-008C-4504-A240-394C6C8DA52B}.Debug|Any CPU.Build.0 = Debug|Any CPU
		{7E119A82-008C-4504-A240-394C6C8DA52B}.Release|Any CPU.ActiveCfg = Release|Any CPU
		{7E119A82-008C-4504-A240-394C6C8DA52B}.Release|Any CPU.Build.0 = Release|Any CPU
	EndGlobalSection
	GlobalSection(SolutionProperties) = preSolution
		HideSolutionNode = FALSE
	EndGlobalSection
	GlobalSection(ExtensibilityGlobals) = postSolution
		SolutionGuid = {C3CA301E-C79C-4842-A163-BBBD3FC42644}
	EndGlobalSection
EndGlobal
